
Microsoft Visual Studio Solution File, Format Version 12.00
# Visual Studio Version 17
VisualStudioVersion = 17.5.002.0
MinimumVisualStudioVersion = 10.0.40219.1
Project("{9A19103F-16F7-4668-BE54-9A1E7A4F7556}") = "mvc", "mvc.csproj", "{EDC4ACFC-7131-48EE-A062-531DF856248D}"
EndProject
Global
	GlobalSection(SolutionConfigurationPlatforms) = preSolution
		Debug|Any CPU = Debug|Any CPU
		Release|Any CPU = Release|Any CPU
	EndGlobalSection
	GlobalSection(ProjectConfigurationPlatforms) = postSolution
		{EDC4ACFC-7131-48EE-A062-531DF856248D}.Debug|Any CPU.ActiveCfg = Debug|Any CPU
		{EDC4ACFC-7131-48EE-A062-531DF856248D}.Debug|Any CPU.Build.0 = Debug|Any CPU
		{EDC4ACFC-7131-48EE-A062-531DF856248D}.Release|Any CPU.ActiveCfg = Release|Any CPU
		{EDC4ACFC-7131-48EE-A062-531DF856248D}.Release|Any CPU.Build.0 = Release|Any CPU
	EndGlobalSection
	GlobalSection(SolutionProperties) = preSolution
		HideSolutionNode = FALSE
	EndGlobalSection
	GlobalSection(ExtensibilityGlobals) = postSolution
		SolutionGuid = {C1321AE7-201C-4E08-B3B1-A39E57FDA912}
	EndGlobalSection
EndGlobal
